// !$*UTF8*$!
{
	archiveVersion = 1;
	classes = {
	};
	objectVersion = 50;
	objects = {

/* Begin PBXBuildFile section */
		FF06E7E9239DEF7F0001A755 /* Section.swift in Sources */ = {isa = PBXBuildFile; fileRef = FF06E7E8239DEF7F0001A755 /* Section.swift */; };
		FF06E7EB239DEF900001A755 /* Item.swift in Sources */ = {isa = PBXBuildFile; fileRef = FF06E7EA239DEF900001A755 /* Item.swift */; };
		FF5E4FFF23A4898A000D487B /* MediumCell.swift in Sources */ = {isa = PBXBuildFile; fileRef = FF5E4FFE23A4898A000D487B /* MediumCell.swift */; };
		FF66300323A4FF17006DB548 /* SectionHeaderView.swift in Sources */ = {isa = PBXBuildFile; fileRef = FF66300223A4FF17006DB548 /* SectionHeaderView.swift */; };
		FFD29D7D23A5511A006134CD /* ItemTrailingView.swift in Sources */ = {isa = PBXBuildFile; fileRef = FFD29D7C23A5511A006134CD /* ItemTrailingView.swift */; };
		FFFDAACE239FCB63000A97C6 /* FeaturedCell.swift in Sources */ = {isa = PBXBuildFile; fileRef = FFFDAACD239FCB63000A97C6 /* FeaturedCell.swift */; };
		FFFEC4CD239A09FF00F832D6 /* AppDelegate.swift in Sources */ = {isa = PBXBuildFile; fileRef = FFFEC4CC239A09FF00F832D6 /* AppDelegate.swift */; };
		FFFEC4CF239A09FF00F832D6 /* SceneDelegate.swift in Sources */ = {isa = PBXBuildFile; fileRef = FFFEC4CE239A09FF00F832D6 /* SceneDelegate.swift */; };
		FFFEC4D4239A09FF00F832D6 /* Main.storyboard in Resources */ = {isa = PBXBuildFile; fileRef = FFFEC4D2239A09FF00F832D6 /* Main.storyboard */; };
		FFFEC4D6239A0A0100F832D6 /* Assets.xcassets in Resources */ = {isa = PBXBuildFile; fileRef = FFFEC4D5239A0A0100F832D6 /* Assets.xcassets */; };
		FFFEC4D9239A0A0100F832D6 /* LaunchScreen.storyboard in Resources */ = {isa = PBXBuildFile; fileRef = FFFEC4D7239A0A0100F832D6 /* LaunchScreen.storyboard */; };
		FFFEC4E1239A0DB400F832D6 /* appstore.json in Resources */ = {isa = PBXBuildFile; fileRef = FFFEC4E0239A0DB300F832D6 /* appstore.json */; };
		FFFEC4E3239A51C900F832D6 /* CollectionViewController.swift in Sources */ = {isa = PBXBuildFile; fileRef = FFFEC4E2239A51C900F832D6 /* CollectionViewController.swift */; };
/* End PBXBuildFile section */

/* Begin PBXFileReference section */
		FF06E7E8239DEF7F0001A755 /* Section.swift */ = {isa = PBXFileReference; lastKnownFileType = sourcecode.swift; path = Section.swift; sourceTree = "<group>"; };
		FF06E7EA239DEF900001A755 /* Item.swift */ = {isa = PBXFileReference; lastKnownFileType = sourcecode.swift; path = Item.swift; sourceTree = "<group>"; };
		FF338EAE23FC42C600948D0D /* README.md */ = {isa = PBXFileReference; lastKnownFileType = net.daringfireball.markdown; path = README.md; sourceTree = "<group>"; };
		FF5E4FFE23A4898A000D487B /* MediumCell.swift */ = {isa = PBXFileReference; lastKnownFileType = sourcecode.swift; path = MediumCell.swift; sourceTree = "<group>"; };
		FF66300223A4FF17006DB548 /* SectionHeaderView.swift */ = {isa = PBXFileReference; lastKnownFileType = sourcecode.swift; path = SectionHeaderView.swift; sourceTree = "<group>"; };
		FFD29D7C23A5511A006134CD /* ItemTrailingView.swift */ = {isa = PBXFileReference; lastKnownFileType = sourcecode.swift; path = ItemTrailingView.swift; sourceTree = "<group>"; };
		FFFDAACD239FCB63000A97C6 /* FeaturedCell.swift */ = {isa = PBXFileReference; lastKnownFileType = sourcecode.swift; path = FeaturedCell.swift; sourceTree = "<group>"; };
		FFFEC4C9239A09FF00F832D6 /* MockAppStore.app */ = {isa = PBXFileReference; explicitFileType = wrapper.application; includeInIndex = 0; path = MockAppStore.app; sourceTree = BUILT_PRODUCTS_DIR; };
		FFFEC4CC239A09FF00F832D6 /* AppDelegate.swift */ = {isa = PBXFileReference; lastKnownFileType = sourcecode.swift; path = AppDelegate.swift; sourceTree = "<group>"; };
		FFFEC4CE239A09FF00F832D6 /* SceneDelegate.swift */ = {isa = PBXFileReference; lastKnownFileType = sourcecode.swift; path = SceneDelegate.swift; sourceTree = "<group>"; };
		FFFEC4D3239A09FF00F832D6 /* Base */ = {isa = PBXFileReference; lastKnownFileType = file.storyboard; name = Base; path = Base.lproj/Main.storyboard; sourceTree = "<group>"; };
		FFFEC4D5239A0A0100F832D6 /* Assets.xcassets */ = {isa = PBXFileReference; lastKnownFileType = folder.assetcatalog; path = Assets.xcassets; sourceTree = "<group>"; };
		FFFEC4D8239A0A0100F832D6 /* Base */ = {isa = PBXFileReference; lastKnownFileType = file.storyboard; name = Base; path = Base.lproj/LaunchScreen.storyboard; sourceTree = "<group>"; };
		FFFEC4DA239A0A0100F832D6 /* Info.plist */ = {isa = PBXFileReference; lastKnownFileType = text.plist.xml; path = Info.plist; sourceTree = "<group>"; };
		FFFEC4E0239A0DB300F832D6 /* appstore.json */ = {isa = PBXFileReference; fileEncoding = 4; lastKnownFileType = text.json; path = appstore.json; sourceTree = "<group>"; };
		FFFEC4E2239A51C900F832D6 /* CollectionViewController.swift */ = {isa = PBXFileReference; lastKnownFileType = sourcecode.swift; path = CollectionViewController.swift; sourceTree = "<group>"; };
/* End PBXFileReference section */

/* Begin PBXFrameworksBuildPhase section */
		FFFEC4C6239A09FF00F832D6 /* Frameworks */ = {
			isa = PBXFrameworksBuildPhase;
			buildActionMask = 2147483647;
			files = (
			);
			runOnlyForDeploymentPostprocessing = 0;
		};
/* End PBXFrameworksBuildPhase section */

/* Begin PBXGroup section */
		FFFEC4C0239A09FF00F832D6 = {
			isa = PBXGroup;
			children = (
				FF338EAE23FC42C600948D0D /* README.md */,
				FFFEC4CB239A09FF00F832D6 /* MockAppStore */,
				FFFEC4CA239A09FF00F832D6 /* Products */,
			);
			sourceTree = "<group>";
		};
		FFFEC4CA239A09FF00F832D6 /* Products */ = {
			isa = PBXGroup;
			children = (
				FFFEC4C9239A09FF00F832D6 /* MockAppStore.app */,
			);
			name = Products;
			sourceTree = "<group>";
		};
		FFFEC4CB239A09FF00F832D6 /* MockAppStore */ = {
			isa = PBXGroup;
			children = (
				FFFEC4CC239A09FF00F832D6 /* AppDelegate.swift */,
				FFFEC4CE239A09FF00F832D6 /* SceneDelegate.swift */,
				FFFEC4D2239A09FF00F832D6 /* Main.storyboard */,
				FFFEC4E2239A51C900F832D6 /* CollectionViewController.swift */,
				FFD29D7C23A5511A006134CD /* ItemTrailingView.swift */,
				FF66300223A4FF17006DB548 /* SectionHeaderView.swift */,
				FFFDAACD239FCB63000A97C6 /* FeaturedCell.swift */,
				FF5E4FFE23A4898A000D487B /* MediumCell.swift */,
				FF06E7E8239DEF7F0001A755 /* Section.swift */,
				FF06E7EA239DEF900001A755 /* Item.swift */,
				FFFEC4D5239A0A0100F832D6 /* Assets.xcassets */,
				FFFEC4D7239A0A0100F832D6 /* LaunchScreen.storyboard */,
				FFFEC4DA239A0A0100F832D6 /* Info.plist */,
				FFFEC4E0239A0DB300F832D6 /* appstore.json */,
			);
			path = MockAppStore;
			sourceTree = "<group>";
		};
/* End PBXGroup section */

/* Begin PBXNativeTarget section */
		FFFEC4C8239A09FF00F832D6 /* MockAppStore */ = {
			isa = PBXNativeTarget;
			buildConfigurationList = FFFEC4DD239A0A0100F832D6 /* Build configuration list for PBXNativeTarget "MockAppStore" */;
			buildPhases = (
				FFFEC4C5239A09FF00F832D6 /* Sources */,
				FFFEC4C6239A09FF00F832D6 /* Frameworks */,
				FFFEC4C7239A09FF00F832D6 /* Resources */,
			);
			buildRules = (
			);
			dependencies = (
			);
			name = MockAppStore;
			productName = MockAppStore;
			productReference = FFFEC4C9239A09FF00F832D6 /* MockAppStore.app */;
			productType = "com.apple.product-type.application";
		};
/* End PBXNativeTarget section */

/* Begin PBXProject section */
		FFFEC4C1239A09FF00F832D6 /* Project object */ = {
			isa = PBXProject;
			attributes = {
				LastSwiftUpdateCheck = 1120;
				LastUpgradeCheck = 1120;
				ORGANIZATIONNAME = "Ashish Bansal";
				TargetAttributes = {
					FFFEC4C8239A09FF00F832D6 = {
						CreatedOnToolsVersion = 11.2.1;
					};
				};
			};
			buildConfigurationList = FFFEC4C4239A09FF00F832D6 /* Build configuration list for PBXProject "MockAppStore" */;
			compatibilityVersion = "Xcode 9.3";
			developmentRegion = en;
			hasScannedForEncodings = 0;
			knownRegions = (
				en,
				Base,
			);
			mainGroup = FFFEC4C0239A09FF00F832D6;
			productRefGroup = FFFEC4CA239A09FF00F832D6 /* Products */;
			projectDirPath = "";
			projectRoot = "";
			targets = (
				FFFEC4C8239A09FF00F832D6 /* MockAppStore */,
			);
		};
/* End PBXProject section */

/* Begin PBXResourcesBuildPhase section */
		FFFEC4C7239A09FF00F832D6 /* Resources */ = {
			isa = PBXResourcesBuildPhase;
			buildActionMask = 2147483647;
			files = (
				FFFEC4D9239A0A0100F832D6 /* LaunchScreen.storyboard in Resources */,
				FFFEC4D6239A0A0100F832D6 /* Assets.xcassets in Resources */,
				FFFEC4D4239A09FF00F832D6 /* Main.storyboard in Resources */,
				FFFEC4E1239A0DB400F832D6 /* appstore.json in Resources */,
			);
			runOnlyForDeploymentPostprocessing = 0;
		};
/* End PBXResourcesBuildPhase section */

/* Begin PBXSourcesBuildPhase section */
		FFFEC4C5239A09FF00F832D6 /* Sources */ = {
			isa = PBXSourcesBuildPhase;
			buildActionMask = 2147483647;
			files = (
				FF06E7EB239DEF900001A755 /* Item.swift in Sources */,
				FFFEC4E3239A51C900F832D6 /* CollectionViewController.swift in Sources */,
				FF06E7E9239DEF7F0001A755 /* Section.swift in Sources */,
				FF66300323A4FF17006DB548 /* SectionHeaderView.swift in Sources */,
				FFFDAACE239FCB63000A97C6 /* FeaturedCell.swift in Sources */,
				FF5E4FFF23A4898A000D487B /* MediumCell.swift in Sources */,
				FFD29D7D23A5511A006134CD /* ItemTrailingView.swift in Sources */,
				FFFEC4CD239A09FF00F832D6 /* AppDelegate.swift in Sources */,
				FFFEC4CF239A09FF00F832D6 /* SceneDelegate.swift in Sources */,
			);
			runOnlyForDeploymentPostprocessing = 0;
		};
/* End PBXSourcesBuildPhase section */

/* Begin PBXVariantGroup section */
		FFFEC4D2239A09FF00F832D6 /* Main.storyboard */ = {
			isa = PBXVariantGroup;
			children = (
				FFFEC4D3239A09FF00F832D6 /* Base */,
			);
			name = Main.storyboard;
			sourceTree = "<group>";
		};
		FFFEC4D7239A0A0100F832D6 /* LaunchScreen.storyboard */ = {
			isa = PBXVariantGroup;
			children = (
				FFFEC4D8239A0A0100F832D6 /* Base */,
			);
			name = LaunchScreen.storyboard;
			sourceTree = "<group>";
		};
/* End PBXVariantGroup section */

/* Begin XCBuildConfiguration section */
		FFFEC4DB239A0A0100F832D6 /* Debug */ = {
			isa = XCBuildConfiguration;
			buildSettings = {
				ALWAYS_SEARCH_USER_PATHS = NO;
				CLANG_ANALYZER_NONNULL = YES;
				CLANG_ANALYZER_NUMBER_OBJECT_CONVERSION = YES_AGGRESSIVE;
				CLANG_CXX_LANGUAGE_STANDARD = "gnu++14";
				CLANG_CXX_LIBRARY = "libc++";
				CLANG_ENABLE_MODULES = YES;
				CLANG_ENABLE_OBJC_ARC = YES;
				CLANG_ENABLE_OBJC_WEAK = YES;
				CLANG_WARN_BLOCK_CAPTURE_AUTORELEASING = YES;
				CLANG_WARN_BOOL_CONVERSION = YES;
				CLANG_WARN_COMMA = YES;
				CLANG_WARN_CONSTANT_CONVERSION = YES;
				CLANG_WARN_DEPRECATED_OBJC_IMPLEMENTATIONS = YES;
				CLANG_WARN_DIRECT_OBJC_ISA_USAGE = YES_ERROR;
				CLANG_WARN_DOCUMENTATION_COMMENTS = YES;
				CLANG_WARN_EMPTY_BODY = YES;
				CLANG_WARN_ENUM_CONVERSION = YES;
				CLANG_WARN_INFINITE_RECURSION = YES;
				CLANG_WARN_INT_CONVERSION = YES;
				CLANG_WARN_NON_LITERAL_NULL_CONVERSION = YES;
				CLANG_WARN_OBJC_IMPLICIT_RETAIN_SELF = YES;
				CLANG_WARN_OBJC_LITERAL_CONVERSION = YES;
				CLANG_WARN_OBJC_ROOT_CLASS = YES_ERROR;
				CLANG_WARN_RANGE_LOOP_ANALYSIS = YES;
				CLANG_WARN_STRICT_PROTOTYPES = YES;
				CLANG_WARN_SUSPICIOUS_MOVE = YES;
				CLANG_WARN_UNGUARDED_AVAILABILITY = YES_AGGRESSIVE;
				CLANG_WARN_UNREACHABLE_CODE = YES;
				CLANG_WARN__DUPLICATE_METHOD_MATCH = YES;
				COPY_PHASE_STRIP = NO;
				DEBUG_INFORMATION_FORMAT = dwarf;
				ENABLE_STRICT_OBJC_MSGSEND = YES;
				ENABLE_TESTABILITY = YES;
				GCC_C_LANGUAGE_STANDARD = gnu11;
				GCC_DYNAMIC_NO_PIC = NO;
				GCC_NO_COMMON_BLOCKS = YES;
				GCC_OPTIMIZATION_LEVEL = 0;
				GCC_PREPROCESSOR_DEFINITIONS = (
					"DEBUG=1",
					"$(inherited)",
				);
				GCC_WARN_64_TO_32_BIT_CONVERSION = YES;
				GCC_WARN_ABOUT_RETURN_TYPE = YES_ERROR;
				GCC_WARN_UNDECLARED_SELECTOR = YES;
				GCC_WARN_UNINITIALIZED_AUTOS = YES_AGGRESSIVE;
				GCC_WARN_UNUSED_FUNCTION = YES;
				GCC_WARN_UNUSED_VARIABLE = YES;
				IPHONEOS_DEPLOYMENT_TARGET = 13.2;
				MTL_ENABLE_DEBUG_INFO = INCLUDE_SOURCE;
				MTL_FAST_MATH = YES;
				ONLY_ACTIVE_ARCH = YES;
				SDKROOT = iphoneos;
				SWIFT_ACTIVE_COMPILATION_CONDITIONS = DEBUG;
				SWIFT_OPTIMIZATION_LEVEL = "-Onone";
			};
			name = Debug;
		};
		FFFEC4DC239A0A0100F832D6 /* Release */ = {
			isa = XCBuildConfiguration;
			buildSettings = {
				ALWAYS_SEARCH_USER_PATHS = NO;
				CLANG_ANALYZER_NONNULL = YES;
				CLANG_ANALYZER_NUMBER_OBJECT_CONVERSION = YES_AGGRESSIVE;
				CLANG_CXX_LANGUAGE_STANDARD = "gnu++14";
				CLANG_CXX_LIBRARY = "libc++";
				CLANG_ENABLE_MODULES = YES;
				CLANG_ENABLE_OBJC_ARC = YES;
				CLANG_ENABLE_OBJC_WEAK = YES;
				CLANG_WARN_BLOCK_CAPTURE_AUTORELEASING = YES;
				CLANG_WARN_BOOL_CONVERSION = YES;
				CLANG_WARN_COMMA = YES;
				CLANG_WARN_CONSTANT_CONVERSION = YES;
				CLANG_WARN_DEPRECATED_OBJC_IMPLEMENTATIONS = YES;
				CLANG_WARN_DIRECT_OBJC_ISA_USAGE = YES_ERROR;
				CLANG_WARN_DOCUMENTATION_COMMENTS = YES;
				CLANG_WARN_EMPTY_BODY = YES;
				CLANG_WARN_ENUM_CONVERSION = YES;
				CLANG_WARN_INFINITE_RECURSION = YES;
				CLANG_WARN_INT_CONVERSION = YES;
				CLANG_WARN_NON_LITERAL_NULL_CONVERSION = YES;
				CLANG_WARN_OBJC_IMPLICIT_RETAIN_SELF = YES;
				CLANG_WARN_OBJC_LITERAL_CONVERSION = YES;
				CLANG_WARN_OBJC_ROOT_CLASS = YES_ERROR;
				CLANG_WARN_RANGE_LOOP_ANALYSIS = YES;
				CLANG_WARN_STRICT_PROTOTYPES = YES;
				CLANG_WARN_SUSPICIOUS_MOVE = YES;
				CLANG_WARN_UNGUARDED_AVAILABILITY = YES_AGGRESSIVE;
				CLANG_WARN_UNREACHABLE_CODE = YES;
				CLANG_WARN__DUPLICATE_METHOD_MATCH = YES;
				COPY_PHASE_STRIP = NO;
				DEBUG_INFORMATION_FORMAT = "dwarf-with-dsym";
				ENABLE_NS_ASSERTIONS = NO;
				ENABLE_STRICT_OBJC_MSGSEND = YES;
				GCC_C_LANGUAGE_STANDARD = gnu11;
				GCC_NO_COMMON_BLOCKS = YES;
				GCC_WARN_64_TO_32_BIT_CONVERSION = YES;
				GCC_WARN_ABOUT_RETURN_TYPE = YES_ERROR;
				GCC_WARN_UNDECLARED_SELECTOR = YES;
				GCC_WARN_UNINITIALIZED_AUTOS = YES_AGGRESSIVE;
				GCC_WARN_UNUSED_FUNCTION = YES;
				GCC_WARN_UNUSED_VARIABLE = YES;
				IPHONEOS_DEPLOYMENT_TARGET = 13.2;
				MTL_ENABLE_DEBUG_INFO = NO;
				MTL_FAST_MATH = YES;
				SDKROOT = iphoneos;
				SWIFT_COMPILATION_MODE = wholemodule;
				SWIFT_OPTIMIZATION_LEVEL = "-O";
				VALIDATE_PRODUCT = YES;
			};
			name = Release;
		};
		FFFEC4DE239A0A0100F832D6 /* Debug */ = {
			isa = XCBuildConfiguration;
			buildSettings = {
				ASSETCATALOG_COMPILER_APPICON_NAME = AppIcon;
				CODE_SIGN_STYLE = Automatic;
				DEVELOPMENT_TEAM = AWZNFT2MNX;
				INFOPLIST_FILE = MockAppStore/Info.plist;
				LD_RUNPATH_SEARCH_PATHS = (
					"$(inherited)",
					"@executable_path/Frameworks",
				);
				PRODUCT_BUNDLE_IDENTIFIER = AshishBansal.MockAppStore;
				PRODUCT_NAME = "$(TARGET_NAME)";
				SWIFT_VERSION = 5.0;
				TARGETED_DEVICE_FAMILY = "1,2";
			};
			name = Debug;
		};
		FFFEC4DF239A0A0100F832D6 /* Release */ = {
			isa = XCBuildConfiguration;
			buildSettings = {
				ASSETCATALOG_COMPILER_APPICON_NAME = AppIcon;
				CODE_SIGN_STYLE = Automatic;
				DEVELOPMENT_TEAM = AWZNFT2MNX;
				INFOPLIST_FILE = MockAppStore/Info.plist;
				LD_RUNPATH_SEARCH_PATHS = (
					"$(inherited)",
					"@executable_path/Frameworks",
				);
				PRODUCT_BUNDLE_IDENTIFIER = AshishBansal.MockAppStore;
				PRODUCT_NAME = "$(TARGET_NAME)";
				SWIFT_VERSION = 5.0;
				TARGETED_DEVICE_FAMILY = "1,2";
			};
			name = Release;
		};
/* End XCBuildConfiguration section */

/* Begin XCConfigurationList section */
		FFFEC4C4239A09FF00F832D6 /* Build configuration list for PBXProject "MockAppStore" */ = {
			isa = XCConfigurationList;
			buildConfigurations = (
				FFFEC4DB239A0A0100F832D6 /* Debug */,
				FFFEC4DC239A0A0100F832D6 /* Release */,
			);
			defaultConfigurationIsVisible = 0;
			defaultConfigurationName = Release;
		};
		FFFEC4DD239A0A0100F832D6 /* Build configuration list for PBXNativeTarget "MockAppStore" */ = {
			isa = XCConfigurationList;
			buildConfigurations = (
				FFFEC4DE239A0A0100F832D6 /* Debug */,
				FFFEC4DF239A0A0100F832D6 /* Release */,
			);
			defaultConfigurationIsVisible = 0;
			defaultConfigurationName = Release;
		};
/* End XCConfigurationList section */
	};
	rootObject = FFFEC4C1239A09FF00F832D6 /* Project object */;
}
